
Microsoft Visual Studio Solution File, Format Version 12.00
# Visual Studio Version 16
VisualStudioVersion = 16.0.33214.272
MinimumVisualStudioVersion = 10.0.40219.1
Project("{2150E333-8FDC-42A3-9474-1A3956D46DE8}") = "Applications", "Applications", "{904609EF-59DC-457C-AD90-911A2DE0794E}"
EndProject
Project("{FAE04EC0-301F-11D3-BF4B-00C04F79EFBC}") = "19T1021252.Web", "19T1021252.Web\19T1021252.Web.csproj", "{2CFE4A45-576E-4350-9AA6-4AB237A528D9}"
EndProject
Project("{2150E333-8FDC-42A3-9474-1A3956D46DE8}") = "Libraries", "Libraries", "{C8A2A54D-B2B3-4F95-B431-CD21508946A8}"
EndProject
Project("{FAE04EC0-301F-11D3-BF4B-00C04F79EFBC}") = "19T1021252.BusinessLayers", "19T1021252.BusinessLayers\19T1021252.BusinessLayers.csproj", "{91525787-3671-466F-A6FE-175C57D3B382}"
EndProject
Project("{FAE04EC0-301F-11D3-BF4B-00C04F79EFBC}") = "19T1021252.DataLayers", "19T1021252.DataLayers\19T1021252.DataLayers.csproj", "{709A1541-75F8-46D2-92E4-A9DCFC4DAC2C}"
EndProject
Project("{FAE04EC0-301F-11D3-BF4B-00C04F79EFBC}") = "19T1021252.DomainModels", "19T1021252.DomainModels\19T1021252.DomainModels.csproj", "{7DD50A03-7BDD-4127-86D4-DE1CC8DD1A83}"
EndProject
Global
	GlobalSection(SolutionConfigurationPlatforms) = preSolution
		Debug|Any CPU = Debug|Any CPU
		Release|Any CPU = Release|Any CPU
	EndGlobalSection
	GlobalSection(ProjectConfigurationPlatforms) = postSolution
		{2CFE4A45-576E-4350-9AA6-4AB237A528D9}.Debug|Any CPU.ActiveCfg = Debug|Any CPU
		{2CFE4A45-576E-4350-9AA6-4AB237A528D9}.Debug|Any CPU.Build.0 = Debug|Any CPU
		{2CFE4A45-576E-4350-9AA6-4AB237A528D9}.Release|Any CPU.ActiveCfg = Release|Any CPU
		{2CFE4A45-576E-4350-9AA6-4AB237A528D9}.Release|Any CPU.Build.0 = Release|Any CPU
		{91525787-3671-466F-A6FE-175C57D3B382}.Debug|Any CPU.ActiveCfg = Debug|Any CPU
		{91525787-3671-466F-A6FE-175C57D3B382}.Debug|Any CPU.Build.0 = Debug|Any CPU
		{91525787-3671-466F-A6FE-175C57D3B382}.Release|Any CPU.ActiveCfg = Release|Any CPU
		{91525787-3671-466F-A6FE-175C57D3B382}.Release|Any CPU.Build.0 = Release|Any CPU
		{709A1541-75F8-46D2-92E4-A9DCFC4DAC2C}.Debug|Any CPU.ActiveCfg = Debug|Any CPU
		{709A1541-75F8-46D2-92E4-A9DCFC4DAC2C}.Debug|Any CPU.Build.0 = Debug|Any CPU
		{709A1541-75F8-46D2-92E4-A9DCFC4DAC2C}.Release|Any CPU.ActiveCfg = Release|Any CPU
		{709A1541-75F8-46D2-92E4-A9DCFC4DAC2C}.Release|Any CPU.Build.0 = Release|Any CPU
		{7DD50A03-7BDD-4127-86D4-DE1CC8DD1A83}.Debug|Any CPU.ActiveCfg = Debug|Any CPU
		{7DD50A03-7BDD-4127-86D4-DE1CC8DD1A83}.Debug|Any CPU.Build.0 = Debug|Any CPU
		{7DD50A03-7BDD-4127-86D4-DE1CC8DD1A83}.Release|Any CPU.ActiveCfg = Release|Any CPU
		{7DD50A03-7BDD-4127-86D4-DE1CC8DD1A83}.Release|Any CPU.Build.0 = Release|Any CPU
	EndGlobalSection
	GlobalSection(SolutionProperties) = preSolution
		HideSolutionNode = FALSE
	EndGlobalSection
	GlobalSection(NestedProjects) = preSolution
		{2CFE4A45-576E-4350-9AA6-4AB237A528D9} = {904609EF-59DC-457C-AD90-911A2DE0794E}
		{91525787-3671-466F-A6FE-175C57D3B382} = {C8A2A54D-B2B3-4F95-B431-CD21508946A8}
		{709A1541-75F8-46D2-92E4-A9DCFC4DAC2C} = {C8A2A54D-B2B3-4F95-B431-CD21508946A8}
		{7DD50A03-7BDD-4127-86D4-DE1CC8DD1A83} = {C8A2A54D-B2B3-4F95-B431-CD21508946A8}
	EndGlobalSection
	GlobalSection(ExtensibilityGlobals) = postSolution
		SolutionGuid = {C0437062-851E-4498-84B4-3B7F07586F33}
	EndGlobalSection
EndGlobal
